// !$*UTF8*$!
{
	archiveVersion = 1;
	classes = {
	};
	objectVersion = 46;
	objects = {

/* Begin PBXBuildFile section */
		8F6330861BE2C44E0007F52B /* AppDelegate.swift in Sources */ = {isa = PBXBuildFile; fileRef = 8F6330851BE2C44E0007F52B /* AppDelegate.swift */; };
		8F6330881BE2C44E0007F52B /* MemeViewController.swift in Sources */ = {isa = PBXBuildFile; fileRef = 8F6330871BE2C44E0007F52B /* MemeViewController.swift */; };
		8F63308B1BE2C44E0007F52B /* Main.storyboard in Resources */ = {isa = PBXBuildFile; fileRef = 8F6330891BE2C44E0007F52B /* Main.storyboard */; };
		8F63308D1BE2C44E0007F52B /* Assets.xcassets in Resources */ = {isa = PBXBuildFile; fileRef = 8F63308C1BE2C44E0007F52B /* Assets.xcassets */; };
		8F6330901BE2C44E0007F52B /* LaunchScreen.storyboard in Resources */ = {isa = PBXBuildFile; fileRef = 8F63308E1BE2C44E0007F52B /* LaunchScreen.storyboard */; };
		8F732C171C35CE7300581ECF /* Meme.swift in Sources */ = {isa = PBXBuildFile; fileRef = 8F732C161C35CE7300581ECF /* Meme.swift */; };
		8F732C1B1C37835700581ECF /* TableViewController.swift in Sources */ = {isa = PBXBuildFile; fileRef = 8F732C1A1C37835700581ECF /* TableViewController.swift */; };
		8F732C3B1C38930900581ECF /* CollectionViewController.swift in Sources */ = {isa = PBXBuildFile; fileRef = 8F732C3A1C38930900581ECF /* CollectionViewController.swift */; };
		8F732C3D1C3896BE00581ECF /* MemeCollectionViewCell.swift in Sources */ = {isa = PBXBuildFile; fileRef = 8F732C3C1C3896BE00581ECF /* MemeCollectionViewCell.swift */; };
		8F732C3F1C38A57200581ECF /* MemeDetailViewController.swift in Sources */ = {isa = PBXBuildFile; fileRef = 8F732C3E1C38A57200581ECF /* MemeDetailViewController.swift */; };
/* End PBXBuildFile section */

/* Begin PBXFileReference section */
		8F6330821BE2C44E0007F52B /* MemeMeVer2.app */ = {isa = PBXFileReference; explicitFileType = wrapper.application; includeInIndex = 0; path = MemeMeVer2.app; sourceTree = BUILT_PRODUCTS_DIR; };
		8F6330851BE2C44E0007F52B /* AppDelegate.swift */ = {isa = PBXFileReference; lastKnownFileType = sourcecode.swift; path = AppDelegate.swift; sourceTree = "<group>"; };
		8F6330871BE2C44E0007F52B /* MemeViewController.swift */ = {isa = PBXFileReference; lastKnownFileType = sourcecode.swift; path = MemeViewController.swift; sourceTree = "<group>"; };
		8F63308A1BE2C44E0007F52B /* Base */ = {isa = PBXFileReference; lastKnownFileType = file.storyboard; name = Base; path = Base.lproj/Main.storyboard; sourceTree = "<group>"; };
		8F63308C1BE2C44E0007F52B /* Assets.xcassets */ = {isa = PBXFileReference; lastKnownFileType = folder.assetcatalog; path = Assets.xcassets; sourceTree = "<group>"; };
		8F63308F1BE2C44E0007F52B /* Base */ = {isa = PBXFileReference; lastKnownFileType = file.storyboard; name = Base; path = Base.lproj/LaunchScreen.storyboard; sourceTree = "<group>"; };
		8F6330911BE2C44E0007F52B /* Info.plist */ = {isa = PBXFileReference; lastKnownFileType = text.plist.xml; path = Info.plist; sourceTree = "<group>"; };
		8F732C161C35CE7300581ECF /* Meme.swift */ = {isa = PBXFileReference; fileEncoding = 4; lastKnownFileType = sourcecode.swift; path = Meme.swift; sourceTree = "<group>"; };
		8F732C1A1C37835700581ECF /* TableViewController.swift */ = {isa = PBXFileReference; fileEncoding = 4; lastKnownFileType = sourcecode.swift; path = TableViewController.swift; sourceTree = "<group>"; };
		8F732C3A1C38930900581ECF /* CollectionViewController.swift */ = {isa = PBXFileReference; fileEncoding = 4; lastKnownFileType = sourcecode.swift; name = CollectionViewController.swift; path = ../CollectionViewController.swift; sourceTree = "<group>"; };
		8F732C3C1C3896BE00581ECF /* MemeCollectionViewCell.swift */ = {isa = PBXFileReference; fileEncoding = 4; lastKnownFileType = sourcecode.swift; path = MemeCollectionViewCell.swift; sourceTree = "<group>"; };
		8F732C3E1C38A57200581ECF /* MemeDetailViewController.swift */ = {isa = PBXFileReference; fileEncoding = 4; lastKnownFileType = sourcecode.swift; path = MemeDetailViewController.swift; sourceTree = "<group>"; };
/* End PBXFileReference section */

/* Begin PBXFrameworksBuildPhase section */
		8F63307F1BE2C44E0007F52B /* Frameworks */ = {
			isa = PBXFrameworksBuildPhase;
			buildActionMask = 2147483647;
			files = (
			);
			runOnlyForDeploymentPostprocessing = 0;
		};
/* End PBXFrameworksBuildPhase section */

/* Begin PBXGroup section */
		8F6330791BE2C44E0007F52B = {
			isa = PBXGroup;
			children = (
				8F6330841BE2C44E0007F52B /* MemeMeVer2 */,
				8F6330831BE2C44E0007F52B /* Products */,
			);
			sourceTree = "<group>";
		};
		8F6330831BE2C44E0007F52B /* Products */ = {
			isa = PBXGroup;
			children = (
				8F6330821BE2C44E0007F52B /* MemeMeVer2.app */,
			);
			name = Products;
			sourceTree = "<group>";
		};
		8F6330841BE2C44E0007F52B /* MemeMeVer2 */ = {
			isa = PBXGroup;
			children = (
				8F732C3A1C38930900581ECF /* CollectionViewController.swift */,
				8F6330851BE2C44E0007F52B /* AppDelegate.swift */,
				8F6330871BE2C44E0007F52B /* MemeViewController.swift */,
				8F6330891BE2C44E0007F52B /* Main.storyboard */,
				8F63308C1BE2C44E0007F52B /* Assets.xcassets */,
				8F63308E1BE2C44E0007F52B /* LaunchScreen.storyboard */,
				8F6330911BE2C44E0007F52B /* Info.plist */,
				8F732C1A1C37835700581ECF /* TableViewController.swift */,
				8F732C161C35CE7300581ECF /* Meme.swift */,
				8F732C3C1C3896BE00581ECF /* MemeCollectionViewCell.swift */,
				8F732C3E1C38A57200581ECF /* MemeDetailViewController.swift */,
			);
			name = MemeMeVer2;
			path = MemeMeVer1;
			sourceTree = "<group>";
		};
/* End PBXGroup section */

/* Begin PBXNativeTarget section */
		8F6330811BE2C44E0007F52B /* MemeMeVer2 */ = {
			isa = PBXNativeTarget;
			buildConfigurationList = 8F6330941BE2C44E0007F52B /* Build configuration list for PBXNativeTarget "MemeMeVer2" */;
			buildPhases = (
				8F63307E1BE2C44E0007F52B /* Sources */,
				8F63307F1BE2C44E0007F52B /* Frameworks */,
				8F6330801BE2C44E0007F52B /* Resources */,
			);
			buildRules = (
			);
			dependencies = (
			);
			name = MemeMeVer2;
			productName = MemeMeVer1;
			productReference = 8F6330821BE2C44E0007F52B /* MemeMeVer2.app */;
			productType = "com.apple.product-type.application";
		};
/* End PBXNativeTarget section */

/* Begin PBXProject section */
		8F63307A1BE2C44E0007F52B /* Project object */ = {
			isa = PBXProject;
			attributes = {
				LastSwiftUpdateCheck = 0710;
				LastUpgradeCheck = 0710;
				ORGANIZATIONNAME = "Shantanu Rao";
				TargetAttributes = {
					8F6330811BE2C44E0007F52B = {
						CreatedOnToolsVersion = 7.1;
						DevelopmentTeam = 72D5564LLE;
					};
				};
			};
			buildConfigurationList = 8F63307D1BE2C44E0007F52B /* Build configuration list for PBXProject "MemeMeVer2" */;
			compatibilityVersion = "Xcode 3.2";
			developmentRegion = English;
			hasScannedForEncodings = 0;
			knownRegions = (
				en,
				Base,
			);
			mainGroup = 8F6330791BE2C44E0007F52B;
			productRefGroup = 8F6330831BE2C44E0007F52B /* Products */;
			projectDirPath = "";
			projectRoot = "";
			targets = (
				8F6330811BE2C44E0007F52B /* MemeMeVer2 */,
			);
		};
/* End PBXProject section */

/* Begin PBXResourcesBuildPhase section */
		8F6330801BE2C44E0007F52B /* Resources */ = {
			isa = PBXResourcesBuildPhase;
			buildActionMask = 2147483647;
			files = (
				8F6330901BE2C44E0007F52B /* LaunchScreen.storyboard in Resources */,
				8F63308D1BE2C44E0007F52B /* Assets.xcassets in Resources */,
				8F63308B1BE2C44E0007F52B /* Main.storyboard in Resources */,
			);
			runOnlyForDeploymentPostprocessing = 0;
		};
/* End PBXResourcesBuildPhase section */

/* Begin PBXSourcesBuildPhase section */
		8F63307E1BE2C44E0007F52B /* Sources */ = {
			isa = PBXSourcesBuildPhase;
			buildActionMask = 2147483647;
			files = (
				8F732C3D1C3896BE00581ECF /* MemeCollectionViewCell.swift in Sources */,
				8F732C171C35CE7300581ECF /* Meme.swift in Sources */,
				8F6330881BE2C44E0007F52B /* MemeViewController.swift in Sources */,
				8F6330861BE2C44E0007F52B /* AppDelegate.swift in Sources */,
				8F732C3F1C38A57200581ECF /* MemeDetailViewController.swift in Sources */,
				8F732C1B1C37835700581ECF /* TableViewController.swift in Sources */,
				8F732C3B1C38930900581ECF /* CollectionViewController.swift in Sources */,
			);
			runOnlyForDeploymentPostprocessing = 0;
		};
/* End PBXSourcesBuildPhase section */

/* Begin PBXVariantGroup section */
		8F6330891BE2C44E0007F52B /* Main.storyboard */ = {
			isa = PBXVariantGroup;
			children = (
				8F63308A1BE2C44E0007F52B /* Base */,
			);
			name = Main.storyboard;
			sourceTree = "<group>";
		};
		8F63308E1BE2C44E0007F52B /* LaunchScreen.storyboard */ = {
			isa = PBXVariantGroup;
			children = (
				8F63308F1BE2C44E0007F52B /* Base */,
			);
			name = LaunchScreen.storyboard;
			sourceTree = "<group>";
		};
/* End PBXVariantGroup section */

/* Begin XCBuildConfiguration section */
		8F6330921BE2C44E0007F52B /* Debug */ = {
			isa = XCBuildConfiguration;
			buildSettings = {
				ALWAYS_SEARCH_USER_PATHS = NO;
				CLANG_CXX_LANGUAGE_STANDARD = "gnu++0x";
				CLANG_CXX_LIBRARY = "libc++";
				CLANG_ENABLE_MODULES = YES;
				CLANG_ENABLE_OBJC_ARC = YES;
				CLANG_WARN_BOOL_CONVERSION = YES;
				CLANG_WARN_CONSTANT_CONVERSION = YES;
				CLANG_WARN_DIRECT_OBJC_ISA_USAGE = YES_ERROR;
				CLANG_WARN_EMPTY_BODY = YES;
				CLANG_WARN_ENUM_CONVERSION = YES;
				CLANG_WARN_INT_CONVERSION = YES;
				CLANG_WARN_OBJC_ROOT_CLASS = YES_ERROR;
				CLANG_WARN_UNREACHABLE_CODE = YES;
				CLANG_WARN__DUPLICATE_METHOD_MATCH = YES;
				"CODE_SIGN_IDENTITY[sdk=iphoneos*]" = "iPhone Developer";
				COPY_PHASE_STRIP = NO;
				DEBUG_INFORMATION_FORMAT = dwarf;
				ENABLE_STRICT_OBJC_MSGSEND = YES;
				ENABLE_TESTABILITY = YES;
				GCC_C_LANGUAGE_STANDARD = gnu99;
				GCC_DYNAMIC_NO_PIC = NO;
				GCC_NO_COMMON_BLOCKS = YES;
				GCC_OPTIMIZATION_LEVEL = 0;
				GCC_PREPROCESSOR_DEFINITIONS = (
					"DEBUG=1",
					"$(inherited)",
				);
				GCC_WARN_64_TO_32_BIT_CONVERSION = YES;
				GCC_WARN_ABOUT_RETURN_TYPE = YES_ERROR;
				GCC_WARN_UNDECLARED_SELECTOR = YES;
				GCC_WARN_UNINITIALIZED_AUTOS = YES_AGGRESSIVE;
				GCC_WARN_UNUSED_FUNCTION = YES;
				GCC_WARN_UNUSED_VARIABLE = YES;
				IPHONEOS_DEPLOYMENT_TARGET = 9.1;
				MTL_ENABLE_DEBUG_INFO = YES;
				ONLY_ACTIVE_ARCH = YES;
				SDKROOT = iphoneos;
				SWIFT_OPTIMIZATION_LEVEL = "-Onone";
			};
			name = Debug;
		};
		8F6330931BE2C44E0007F52B /* Release */ = {
			isa = XCBuildConfiguration;
			buildSettings = {
				ALWAYS_SEARCH_USER_PATHS = NO;
				CLANG_CXX_LANGUAGE_STANDARD = "gnu++0x";
				CLANG_CXX_LIBRARY = "libc++";
				CLANG_ENABLE_MODULES = YES;
				CLANG_ENABLE_OBJC_ARC = YES;
				CLANG_WARN_BOOL_CONVERSION = YES;
				CLANG_WARN_CONSTANT_CONVERSION = YES;
				CLANG_WARN_DIRECT_OBJC_ISA_USAGE = YES_ERROR;
				CLANG_WARN_EMPTY_BODY = YES;
				CLANG_WARN_ENUM_CONVERSION = YES;
				CLANG_WARN_INT_CONVERSION = YES;
				CLANG_WARN_OBJC_ROOT_CLASS = YES_ERROR;
				CLANG_WARN_UNREACHABLE_CODE = YES;
				CLANG_WARN__DUPLICATE_METHOD_MATCH = YES;
				"CODE_SIGN_IDENTITY[sdk=iphoneos*]" = "iPhone Developer";
				COPY_PHASE_STRIP = NO;
				DEBUG_INFORMATION_FORMAT = "dwarf-with-dsym";
				ENABLE_NS_ASSERTIONS = NO;
				ENABLE_STRICT_OBJC_MSGSEND = YES;
				GCC_C_LANGUAGE_STANDARD = gnu99;
				GCC_NO_COMMON_BLOCKS = YES;
				GCC_WARN_64_TO_32_BIT_CONVERSION = YES;
				GCC_WARN_ABOUT_RETURN_TYPE = YES_ERROR;
				GCC_WARN_UNDECLARED_SELECTOR = YES;
				GCC_WARN_UNINITIALIZED_AUTOS = YES_AGGRESSIVE;
				GCC_WARN_UNUSED_FUNCTION = YES;
				GCC_WARN_UNUSED_VARIABLE = YES;
				IPHONEOS_DEPLOYMENT_TARGET = 9.1;
				MTL_ENABLE_DEBUG_INFO = NO;
				SDKROOT = iphoneos;
				VALIDATE_PRODUCT = YES;
			};
			name = Release;
		};
		8F6330951BE2C44E0007F52B /* Debug */ = {
			isa = XCBuildConfiguration;
			buildSettings = {
				ASSETCATALOG_COMPILER_APPICON_NAME = AppIcon;
				INFOPLIST_FILE = MemeMeVer1/Info.plist;
				LD_RUNPATH_SEARCH_PATHS = "$(inherited) @executable_path/Frameworks";
				PRODUCT_BUNDLE_IDENTIFIER = org.shanrao.MemeMeVer2;
				PRODUCT_NAME = MemeMeVer2;
			};
			name = Debug;
		};
		8F6330961BE2C44E0007F52B /* Release */ = {
			isa = XCBuildConfiguration;
			buildSettings = {
				ASSETCATALOG_COMPILER_APPICON_NAME = AppIcon;
				INFOPLIST_FILE = MemeMeVer1/Info.plist;
				LD_RUNPATH_SEARCH_PATHS = "$(inherited) @executable_path/Frameworks";
				PRODUCT_BUNDLE_IDENTIFIER = org.shanrao.MemeMeVer2;
				PRODUCT_NAME = MemeMeVer2;
			};
			name = Release;
		};
/* End XCBuildConfiguration section */

/* Begin XCConfigurationList section */
		8F63307D1BE2C44E0007F52B /* Build configuration list for PBXProject "MemeMeVer2" */ = {
			isa = XCConfigurationList;
			buildConfigurations = (
				8F6330921BE2C44E0007F52B /* Debug */,
				8F6330931BE2C44E0007F52B /* Release */,
			);
			defaultConfigurationIsVisible = 0;
			defaultConfigurationName = Release;
		};
		8F6330941BE2C44E0007F52B /* Build configuration list for PBXNativeTarget "MemeMeVer2" */ = {
			isa = XCConfigurationList;
			buildConfigurations = (
				8F6330951BE2C44E0007F52B /* Debug */,
				8F6330961BE2C44E0007F52B /* Release */,
			);
			defaultConfigurationIsVisible = 0;
			defaultConfigurationName = Release;
		};
/* End XCConfigurationList section */
	};
	rootObject = 8F63307A1BE2C44E0007F52B /* Project object */;
}
